
Microsoft Visual Studio Solution File, Format Version 12.00
# Visual Studio Version 17
VisualStudioVersion = 17.14.36408.4 d17.14
MinimumVisualStudioVersion = 10.0.40219.1
Project("{FAE04EC0-301F-11D3-BF4B-00C04F79EFBC}") = "yali_1", "yali_1\yali_1.csproj", "{FE1DD3EC-5B62-4388-84BF-122137282E7A}"
EndProject
Global
	GlobalSection(SolutionConfigurationPlatforms) = preSolution
		Debug|Any CPU = Debug|Any CPU
		Release|Any CPU = Release|Any CPU
	EndGlobalSection
	GlobalSection(ProjectConfigurationPlatforms) = postSolution
		{FE1DD3EC-5B62-4388-84BF-122137282E7A}.Debug|Any CPU.ActiveCfg = Debug|Any CPU
		{FE1DD3EC-5B62-4388-84BF-122137282E7A}.Debug|Any CPU.Build.0 = Debug|Any CPU
		{FE1DD3EC-5B62-4388-84BF-122137282E7A}.Release|Any CPU.ActiveCfg = Release|Any CPU
		{FE1DD3EC-5B62-4388-84BF-122137282E7A}.Release|Any CPU.Build.0 = Release|Any CPU
	EndGlobalSection
	GlobalSection(SolutionProperties) = preSolution
		HideSolutionNode = FALSE
	EndGlobalSection
	GlobalSection(ExtensibilityGlobals) = postSolution
		SolutionGuid = {0CFA7BE9-2C58-4068-A862-70F658110197}
	EndGlobalSection
EndGlobal
